
Microsoft Visual Studio Solution File, Format Version 12.00
# Visual Studio Version 17
VisualStudioVersion = 17.3.32811.315
MinimumVisualStudioVersion = 10.0.40219.1
Project("{9A19103F-16F7-4668-BE54-9A1E7A4F7556}") = "XunitAssertMessages", "xUnitMessages\XunitAssertMessages.csproj", "{FA5E940D-5AA6-4874-9BA6-D13C6D1A8C07}"
EndProject
Project("{9A19103F-16F7-4668-BE54-9A1E7A4F7556}") = "xUnitMessages.Generation", "xUnitMessages.Generation\xUnitMessages.Generation.csproj", "{6F5B75F7-98E4-4890-BD2E-7AFC3D83B824}"
EndProject
Project("{9A19103F-16F7-4668-BE54-9A1E7A4F7556}") = "xUnitMessages.Tests", "xUnitMessages.Tests\xUnitMessages.Tests.csproj", "{43AEFC0E-39C7-4604-9729-20DC3925F97A}"
EndProject
Project("{9A19103F-16F7-4668-BE54-9A1E7A4F7556}") = "xUnitMessages.Example", "xUnitMessages.Example\xUnitMessages.Example.csproj", "{971F70FB-8FE0-4532-8F1B-AC0C0C7444C9}"
EndProject
Project("{2150E333-8FDC-42A3-9474-1A3956D46DE8}") = "SolutionItems", "SolutionItems", "{B23FD402-EC31-4800-89F7-AE25C1DB2BCB}"
	ProjectSection(SolutionItems) = preProject
		.editorconfig = .editorconfig
		Directory.Build.props = Directory.Build.props
		.github\workflows\dotnet.yml = .github\workflows\dotnet.yml
		LICENSE = LICENSE
		README.md = README.md
	EndProjectSection
EndProject
Project("{FAE04EC0-301F-11D3-BF4B-00C04F79EFBC}") = "XunitAssertMessages.Analyzers", "XunitAssertMessages.Analyzers\XunitAssertMessages.Analyzers\XunitAssertMessages.Analyzers.csproj", "{9027D21B-1B5C-4CD2-A476-4A34E94F6A8A}"
EndProject
Project("{FAE04EC0-301F-11D3-BF4B-00C04F79EFBC}") = "XunitAssertMessages.Analyzers.CodeFixes", "XunitAssertMessages.Analyzers\XunitAssertMessages.Analyzers.CodeFixes\XunitAssertMessages.Analyzers.CodeFixes.csproj", "{8FC19139-C8F3-4620-93C1-7BD500386A8F}"
EndProject
Project("{FAE04EC0-301F-11D3-BF4B-00C04F79EFBC}") = "XunitAssertMessages.Analyzers.Package", "XunitAssertMessages.Analyzers\XunitAssertMessages.Analyzers.Package\XunitAssertMessages.Analyzers.Package.csproj", "{8CC11521-6DBC-4121-9D01-E0763A7879A8}"
EndProject
Project("{FAE04EC0-301F-11D3-BF4B-00C04F79EFBC}") = "XunitAssertMessages.Analyzers.Test", "XunitAssertMessages.Analyzers\XunitAssertMessages.Analyzers.Test\XunitAssertMessages.Analyzers.Test.csproj", "{A76C6A74-B599-41A2-811E-3CE6D9BC15C2}"
EndProject
Global
	GlobalSection(SolutionConfigurationPlatforms) = preSolution
		Debug|Any CPU = Debug|Any CPU
		Release|Any CPU = Release|Any CPU
	EndGlobalSection
	GlobalSection(ProjectConfigurationPlatforms) = postSolution
		{FA5E940D-5AA6-4874-9BA6-D13C6D1A8C07}.Debug|Any CPU.ActiveCfg = Debug|Any CPU
		{FA5E940D-5AA6-4874-9BA6-D13C6D1A8C07}.Debug|Any CPU.Build.0 = Debug|Any CPU
		{FA5E940D-5AA6-4874-9BA6-D13C6D1A8C07}.Release|Any CPU.ActiveCfg = Release|Any CPU
		{FA5E940D-5AA6-4874-9BA6-D13C6D1A8C07}.Release|Any CPU.Build.0 = Release|Any CPU
		{6F5B75F7-98E4-4890-BD2E-7AFC3D83B824}.Debug|Any CPU.ActiveCfg = Debug|Any CPU
		{6F5B75F7-98E4-4890-BD2E-7AFC3D83B824}.Debug|Any CPU.Build.0 = Debug|Any CPU
		{6F5B75F7-98E4-4890-BD2E-7AFC3D83B824}.Release|Any CPU.ActiveCfg = Release|Any CPU
		{6F5B75F7-98E4-4890-BD2E-7AFC3D83B824}.Release|Any CPU.Build.0 = Release|Any CPU
		{43AEFC0E-39C7-4604-9729-20DC3925F97A}.Debug|Any CPU.ActiveCfg = Debug|Any CPU
		{43AEFC0E-39C7-4604-9729-20DC3925F97A}.Debug|Any CPU.Build.0 = Debug|Any CPU
		{43AEFC0E-39C7-4604-9729-20DC3925F97A}.Release|Any CPU.ActiveCfg = Release|Any CPU
		{43AEFC0E-39C7-4604-9729-20DC3925F97A}.Release|Any CPU.Build.0 = Release|Any CPU
		{971F70FB-8FE0-4532-8F1B-AC0C0C7444C9}.Debug|Any CPU.ActiveCfg = Debug|Any CPU
		{971F70FB-8FE0-4532-8F1B-AC0C0C7444C9}.Debug|Any CPU.Build.0 = Debug|Any CPU
		{971F70FB-8FE0-4532-8F1B-AC0C0C7444C9}.Release|Any CPU.ActiveCfg = Release|Any CPU
		{971F70FB-8FE0-4532-8F1B-AC0C0C7444C9}.Release|Any CPU.Build.0 = Release|Any CPU
		{9027D21B-1B5C-4CD2-A476-4A34E94F6A8A}.Debug|Any CPU.ActiveCfg = Debug|Any CPU
		{9027D21B-1B5C-4CD2-A476-4A34E94F6A8A}.Debug|Any CPU.Build.0 = Debug|Any CPU
		{9027D21B-1B5C-4CD2-A476-4A34E94F6A8A}.Release|Any CPU.ActiveCfg = Release|Any CPU
		{9027D21B-1B5C-4CD2-A476-4A34E94F6A8A}.Release|Any CPU.Build.0 = Release|Any CPU
		{8FC19139-C8F3-4620-93C1-7BD500386A8F}.Debug|Any CPU.ActiveCfg = Debug|Any CPU
		{8FC19139-C8F3-4620-93C1-7BD500386A8F}.Debug|Any CPU.Build.0 = Debug|Any CPU
		{8FC19139-C8F3-4620-93C1-7BD500386A8F}.Release|Any CPU.ActiveCfg = Release|Any CPU
		{8FC19139-C8F3-4620-93C1-7BD500386A8F}.Release|Any CPU.Build.0 = Release|Any CPU
		{8CC11521-6DBC-4121-9D01-E0763A7879A8}.Debug|Any CPU.ActiveCfg = Debug|Any CPU
		{8CC11521-6DBC-4121-9D01-E0763A7879A8}.Debug|Any CPU.Build.0 = Debug|Any CPU
		{8CC11521-6DBC-4121-9D01-E0763A7879A8}.Release|Any CPU.ActiveCfg = Release|Any CPU
		{8CC11521-6DBC-4121-9D01-E0763A7879A8}.Release|Any CPU.Build.0 = Release|Any CPU
		{A76C6A74-B599-41A2-811E-3CE6D9BC15C2}.Debug|Any CPU.ActiveCfg = Debug|Any CPU
		{A76C6A74-B599-41A2-811E-3CE6D9BC15C2}.Debug|Any CPU.Build.0 = Debug|Any CPU
		{A76C6A74-B599-41A2-811E-3CE6D9BC15C2}.Release|Any CPU.ActiveCfg = Release|Any CPU
		{A76C6A74-B599-41A2-811E-3CE6D9BC15C2}.Release|Any CPU.Build.0 = Release|Any CPU
	EndGlobalSection
	GlobalSection(SolutionProperties) = preSolution
		HideSolutionNode = FALSE
	EndGlobalSection
	GlobalSection(ExtensibilityGlobals) = postSolution
		SolutionGuid = {C1352CC1-D690-46FF-8D0E-0DFAA3DC45DD}
	EndGlobalSection
EndGlobal
